
Microsoft Visual Studio Solution File, Format Version 12.00
# Visual Studio 15
VisualStudioVersion = 15.0.26430.6
MinimumVisualStudioVersion = 10.0.40219.1
Project("{FAE04EC0-301F-11D3-BF4B-00C04F79EFBC}") = "TestSpeech", "TestSpeech\TestSpeech.csproj", "{27BADBEB-559B-423E-9149-1D741D1046B6}"
EndProject
Project("{FAE04EC0-301F-11D3-BF4B-00C04F79EFBC}") = "PhoneticConversion", "PhoneticConversion\PhoneticConversion.csproj", "{93A554CE-7ADA-4517-867D-5433734730EB}"
EndProject
Project("{FAE04EC0-301F-11D3-BF4B-00C04F79EFBC}") = "Common", "Common\Common.csproj", "{928C1181-8C7B-4268-825A-C3B4AB8585ED}"
EndProject
Project("{FAE04EC0-301F-11D3-BF4B-00C04F79EFBC}") = "PhoneticConversionTest", "PhoneticConversionTest\PhoneticConversionTest.csproj", "{BD29785A-C623-4642-B4B6-B3D27190625D}"
EndProject
Global
	GlobalSection(SolutionConfigurationPlatforms) = preSolution
		Debug|Any CPU = Debug|Any CPU
		Release|Any CPU = Release|Any CPU
	EndGlobalSection
	GlobalSection(ProjectConfigurationPlatforms) = postSolution
		{27BADBEB-559B-423E-9149-1D741D1046B6}.Debug|Any CPU.ActiveCfg = Debug|Any CPU
		{27BADBEB-559B-423E-9149-1D741D1046B6}.Debug|Any CPU.Build.0 = Debug|Any CPU
		{27BADBEB-559B-423E-9149-1D741D1046B6}.Release|Any CPU.ActiveCfg = Release|Any CPU
		{27BADBEB-559B-423E-9149-1D741D1046B6}.Release|Any CPU.Build.0 = Release|Any CPU
		{93A554CE-7ADA-4517-867D-5433734730EB}.Debug|Any CPU.ActiveCfg = Debug|Any CPU
		{93A554CE-7ADA-4517-867D-5433734730EB}.Debug|Any CPU.Build.0 = Debug|Any CPU
		{93A554CE-7ADA-4517-867D-5433734730EB}.Release|Any CPU.ActiveCfg = Release|Any CPU
		{93A554CE-7ADA-4517-867D-5433734730EB}.Release|Any CPU.Build.0 = Release|Any CPU
		{928C1181-8C7B-4268-825A-C3B4AB8585ED}.Debug|Any CPU.ActiveCfg = Debug|Any CPU
		{928C1181-8C7B-4268-825A-C3B4AB8585ED}.Debug|Any CPU.Build.0 = Debug|Any CPU
		{928C1181-8C7B-4268-825A-C3B4AB8585ED}.Release|Any CPU.ActiveCfg = Release|Any CPU
		{928C1181-8C7B-4268-825A-C3B4AB8585ED}.Release|Any CPU.Build.0 = Release|Any CPU
		{BD29785A-C623-4642-B4B6-B3D27190625D}.Debug|Any CPU.ActiveCfg = Debug|Any CPU
		{BD29785A-C623-4642-B4B6-B3D27190625D}.Debug|Any CPU.Build.0 = Debug|Any CPU
		{BD29785A-C623-4642-B4B6-B3D27190625D}.Release|Any CPU.ActiveCfg = Release|Any CPU
		{BD29785A-C623-4642-B4B6-B3D27190625D}.Release|Any CPU.Build.0 = Release|Any CPU
	EndGlobalSection
	GlobalSection(SolutionProperties) = preSolution
		HideSolutionNode = FALSE
	EndGlobalSection
EndGlobal
